# This file was autogenerated by Stack.
# You should not edit this file by hand.
# For more information, please see the documentation at:
#   https://docs.haskellstack.org/en/stable/lock_files

packages:
- completed:
    commit: a98e394ad754080985d91ad5003738383ad46b25
    git: https://github.com/skogsbaer/large-hashable.git
    name: large-hashable
    pantry-tree:
      sha256: e734e11ae663d17a3784e01b102ccbf9079952b0eca63eac04a849c1908de1be
      size: 2673
    version: 0.1.0.5
  original:
    commit: a98e394ad754080985d91ad5003738383ad46b25
    git: https://github.com/skogsbaer/large-hashable.git
- completed:
    hackage: algebraic-graphs-0.6.1@sha256:528bddb6a58e175c0b37446d4621b5ffd2dadc9d53910b61ddafb0e81088f4bc,8625
    pantry-tree:
      sha256: 3d48f545be5ee4efff3716f764c6d2ed4f2c01df72497dc078792082786e156f
      size: 4347
  original:
    hackage: algebraic-graphs-0.6.1@sha256:528bddb6a58e175c0b37446d4621b5ffd2dadc9d53910b61ddafb0e81088f4bc,8625
snapshots:
- completed:
    sha256: 0a8278a8c9f33fbdaa40167e035065a7ca8ed61d89fec21236b888c470dab3f0
    size: 625218
    url: https://raw.githubusercontent.com/commercialhaskell/stackage-snapshots/master/nightly/2023/5/8.yaml
  original: nightly-2023-05-08
