# This file was autogenerated by Stack.
# You should not edit this file by hand.
# For more information, please see the documentation at:
#   https://docs.haskellstack.org/en/stable/lock_files

packages:
- completed:
    commit: 4d149c828c185bcf05556d1660f79ff1aec7eaa1
    git: https://github.com/factisresearch/large-hashable.git
    name: large-hashable
    pantry-tree:
      sha256: 68f537b5929552cb1513ceaf25893b3ec21f9898864eb410f0f9a324fde3eb9f
      size: 2325
    version: 0.1.0.4
  original:
    commit: 4d149c828c185bcf05556d1660f79ff1aec7eaa1
    git: https://github.com/factisresearch/large-hashable.git
- completed:
    hackage: algebraic-graphs-0.6.1@sha256:528bddb6a58e175c0b37446d4621b5ffd2dadc9d53910b61ddafb0e81088f4bc,8625
    pantry-tree:
      sha256: 3d48f545be5ee4efff3716f764c6d2ed4f2c01df72497dc078792082786e156f
      size: 4347
  original:
    hackage: algebraic-graphs-0.6.1@sha256:528bddb6a58e175c0b37446d4621b5ffd2dadc9d53910b61ddafb0e81088f4bc,8625
snapshots:
- completed:
    sha256: 0a8278a8c9f33fbdaa40167e035065a7ca8ed61d89fec21236b888c470dab3f0
    size: 625218
    url: https://raw.githubusercontent.com/commercialhaskell/stackage-snapshots/master/nightly/2023/5/8.yaml
  original: nightly-2023-05-08
